
Microsoft Visual Studio Solution File, Format Version 12.00
# Visual Studio Version 16
VisualStudioVersion = 16.0.29409.12
MinimumVisualStudioVersion = 10.0.40219.1
Project("{9A19103F-16F7-4668-BE54-9A1E7A4F7556}") = "BeautyZone", "BeautyZone\BeautyZone.csproj", "{309DEBE7-F7E9-4888-93AC-08370A57121B}"
EndProject
Project("{9A19103F-16F7-4668-BE54-9A1E7A4F7556}") = "BeautyZone.DAL", "BeautyZone.DAL\BeautyZone.DAL.csproj", "{A90B412F-02C6-484A-9DDD-302C15C33F03}"
EndProject
Project("{FAE04EC0-301F-11D3-BF4B-00C04F79EFBC}") = "BeautyZone.SL", "BeautyZone.SL\BeautyZone.SL.csproj", "{33B42D86-F855-45F7-91F6-2EC28EDAEFA5}"
EndProject
Global
	GlobalSection(SolutionConfigurationPlatforms) = preSolution
		Debug|Any CPU = Debug|Any CPU
		Release|Any CPU = Release|Any CPU
	EndGlobalSection
	GlobalSection(ProjectConfigurationPlatforms) = postSolution
		{309DEBE7-F7E9-4888-93AC-08370A57121B}.Debug|Any CPU.ActiveCfg = Debug|Any CPU
		{309DEBE7-F7E9-4888-93AC-08370A57121B}.Debug|Any CPU.Build.0 = Debug|Any CPU
		{309DEBE7-F7E9-4888-93AC-08370A57121B}.Release|Any CPU.ActiveCfg = Release|Any CPU
		{309DEBE7-F7E9-4888-93AC-08370A57121B}.Release|Any CPU.Build.0 = Release|Any CPU
		{A90B412F-02C6-484A-9DDD-302C15C33F03}.Debug|Any CPU.ActiveCfg = Debug|Any CPU
		{A90B412F-02C6-484A-9DDD-302C15C33F03}.Debug|Any CPU.Build.0 = Debug|Any CPU
		{A90B412F-02C6-484A-9DDD-302C15C33F03}.Release|Any CPU.ActiveCfg = Release|Any CPU
		{A90B412F-02C6-484A-9DDD-302C15C33F03}.Release|Any CPU.Build.0 = Release|Any CPU
		{33B42D86-F855-45F7-91F6-2EC28EDAEFA5}.Debug|Any CPU.ActiveCfg = Debug|Any CPU
		{33B42D86-F855-45F7-91F6-2EC28EDAEFA5}.Debug|Any CPU.Build.0 = Debug|Any CPU
		{33B42D86-F855-45F7-91F6-2EC28EDAEFA5}.Release|Any CPU.ActiveCfg = Release|Any CPU
		{33B42D86-F855-45F7-91F6-2EC28EDAEFA5}.Release|Any CPU.Build.0 = Release|Any CPU
	EndGlobalSection
	GlobalSection(SolutionProperties) = preSolution
		HideSolutionNode = FALSE
	EndGlobalSection
	GlobalSection(ExtensibilityGlobals) = postSolution
		SolutionGuid = {EC43248C-864E-4A4A-A503-BFF61479FE1A}
	EndGlobalSection
EndGlobal
